
Microsoft Visual Studio Solution File, Format Version 12.00
# Visual Studio Version 17
VisualStudioVersion = 17.5.002.0
MinimumVisualStudioVersion = 10.0.40219.1
Project("{9A19103F-16F7-4668-BE54-9A1E7A4F7556}") = "diary_api", "diary_api.csproj", "{A3C5FA36-2852-4911-AA88-BEFB191CD10A}"
EndProject
Global
	GlobalSection(SolutionConfigurationPlatforms) = preSolution
		Debug|Any CPU = Debug|Any CPU
		Release|Any CPU = Release|Any CPU
	EndGlobalSection
	GlobalSection(ProjectConfigurationPlatforms) = postSolution
		{A3C5FA36-2852-4911-AA88-BEFB191CD10A}.Debug|Any CPU.ActiveCfg = Debug|Any CPU
		{A3C5FA36-2852-4911-AA88-BEFB191CD10A}.Debug|Any CPU.Build.0 = Debug|Any CPU
		{A3C5FA36-2852-4911-AA88-BEFB191CD10A}.Release|Any CPU.ActiveCfg = Release|Any CPU
		{A3C5FA36-2852-4911-AA88-BEFB191CD10A}.Release|Any CPU.Build.0 = Release|Any CPU
	EndGlobalSection
	GlobalSection(SolutionProperties) = preSolution
		HideSolutionNode = FALSE
	EndGlobalSection
	GlobalSection(ExtensibilityGlobals) = postSolution
		SolutionGuid = {2E7B9854-8317-4D16-BAC2-2B2880141869}
	EndGlobalSection
EndGlobal
